
Microsoft Visual Studio Solution File, Format Version 12.00
# Visual Studio Version 16
VisualStudioVersion = 16.0.32126.315
MinimumVisualStudioVersion = 10.0.40219.1
Project("{FAE04EC0-301F-11D3-BF4B-00C04F79EFBC}") = "myConsoleProject", "myConsoleProject.csproj", "{4AF63F2C-2E96-40E2-B3F4-80ED4F105903}"
EndProject
Global
	GlobalSection(SolutionConfigurationPlatforms) = preSolution
		Debug|Any CPU = Debug|Any CPU
		Release|Any CPU = Release|Any CPU
	EndGlobalSection
	GlobalSection(ProjectConfigurationPlatforms) = postSolution
		{4AF63F2C-2E96-40E2-B3F4-80ED4F105903}.Debug|Any CPU.ActiveCfg = Debug|Any CPU
		{4AF63F2C-2E96-40E2-B3F4-80ED4F105903}.Debug|Any CPU.Build.0 = Debug|Any CPU
		{4AF63F2C-2E96-40E2-B3F4-80ED4F105903}.Release|Any CPU.ActiveCfg = Release|Any CPU
		{4AF63F2C-2E96-40E2-B3F4-80ED4F105903}.Release|Any CPU.Build.0 = Release|Any CPU
	EndGlobalSection
	GlobalSection(SolutionProperties) = preSolution
		HideSolutionNode = FALSE
	EndGlobalSection
	GlobalSection(ExtensibilityGlobals) = postSolution
		SolutionGuid = {C62CA476-0F59-447B-A053-8B5816440E29}
	EndGlobalSection
EndGlobal
