
Microsoft Visual Studio Solution File, Format Version 12.00
# Visual Studio Version 16
VisualStudioVersion = 16.0.32126.315
MinimumVisualStudioVersion = 10.0.40219.1
Project("{FAE04EC0-301F-11D3-BF4B-00C04F79EFBC}") = "Polymorphism", "Polymorphism.csproj", "{0CEA13E5-4B5D-4D3F-B4D8-E037033AFB43}"
EndProject
Global
	GlobalSection(SolutionConfigurationPlatforms) = preSolution
		Debug|Any CPU = Debug|Any CPU
		Release|Any CPU = Release|Any CPU
	EndGlobalSection
	GlobalSection(ProjectConfigurationPlatforms) = postSolution
		{0CEA13E5-4B5D-4D3F-B4D8-E037033AFB43}.Debug|Any CPU.ActiveCfg = Debug|Any CPU
		{0CEA13E5-4B5D-4D3F-B4D8-E037033AFB43}.Debug|Any CPU.Build.0 = Debug|Any CPU
		{0CEA13E5-4B5D-4D3F-B4D8-E037033AFB43}.Release|Any CPU.ActiveCfg = Release|Any CPU
		{0CEA13E5-4B5D-4D3F-B4D8-E037033AFB43}.Release|Any CPU.Build.0 = Release|Any CPU
	EndGlobalSection
	GlobalSection(SolutionProperties) = preSolution
		HideSolutionNode = FALSE
	EndGlobalSection
	GlobalSection(ExtensibilityGlobals) = postSolution
		SolutionGuid = {249F2A7F-5324-41A5-A974-99EEF94A68CF}
	EndGlobalSection
EndGlobal
